
Microsoft Visual Studio Solution File, Format Version 12.00
# Visual Studio Version 17
VisualStudioVersion = 17.3.32901.215
MinimumVisualStudioVersion = 10.0.40219.1
Project("{FAE04EC0-301F-11D3-BF4B-00C04F79EFBC}") = "Exercicio_for_01", "Exercicio_for_01.csproj", "{CA9F1BDA-E5E4-4329-98B0-CC9072E73D5A}"
EndProject
Global
	GlobalSection(SolutionConfigurationPlatforms) = preSolution
		Debug|Any CPU = Debug|Any CPU
		Release|Any CPU = Release|Any CPU
	EndGlobalSection
	GlobalSection(ProjectConfigurationPlatforms) = postSolution
		{CA9F1BDA-E5E4-4329-98B0-CC9072E73D5A}.Debug|Any CPU.ActiveCfg = Debug|Any CPU
		{CA9F1BDA-E5E4-4329-98B0-CC9072E73D5A}.Debug|Any CPU.Build.0 = Debug|Any CPU
		{CA9F1BDA-E5E4-4329-98B0-CC9072E73D5A}.Release|Any CPU.ActiveCfg = Release|Any CPU
		{CA9F1BDA-E5E4-4329-98B0-CC9072E73D5A}.Release|Any CPU.Build.0 = Release|Any CPU
	EndGlobalSection
	GlobalSection(SolutionProperties) = preSolution
		HideSolutionNode = FALSE
	EndGlobalSection
	GlobalSection(ExtensibilityGlobals) = postSolution
		SolutionGuid = {C0161AE4-2A80-4B18-88D9-E90654B79C4F}
	EndGlobalSection
EndGlobal
